<?xml version="1.0" encoding="utf-8"?>
<Project ToolsVersion="4.0" xmlns="http://schemas.microsoft.com/developer/msbuild/2003">
  <ItemGroup>
    <Filter Include="Source Files">
      <UniqueIdentifier>{4FC737F1-C7A5-4376-A066-2A32D752A2FF}</UniqueIdentifier>
      <Extensions>cpp;c;cc;cxx;c++;cppm;ixx;def;odl;idl;hpj;bat;asm;asmx</Extensions>
    </Filter>
    <Filter Include="Header Files">
      <UniqueIdentifier>{93995380-89BD-4b04-88EB-625FBE52EBFB}</UniqueIdentifier>
      <Extensions>h;hh;hpp;hxx;h++;hm;inl;inc;ipp;xsd</Extensions>
    </Filter>
    <Filter Include="Resource Files">
      <UniqueIdentifier>{67DA6AB6-F800-4c08-8B7A-83BB121AAD01}</UniqueIdentifier>
      <Extensions>rc;ico;cur;bmp;dlg;rc2;rct;bin;rgs;gif;jpg;jpeg;jpe;resx;tiff;tif;png;wav;mfcribbon-ms</Extensions>
    </Filter>
    <Filter Include="Source Files\fmt">
      <UniqueIdentifier>{121b6d0a-588c-4e26-82e0-a53da5c02d2a}</UniqueIdentifier>
    </Filter>
    <Filter Include="scripts">
      <UniqueIdentifier>{20a50027-1a5a-45ad-9092-ef8bcd0b58db}</UniqueIdentifier>
    </Filter>
    <Filter Include="tests">
      <UniqueIdentifier>{76745efb-c851-41bb-8bf3-aa25b8d6cf35}</UniqueIdentifier>
    </Filter>
    <Filter Include="examples">
      <UniqueIdentifier>{c6d753b8-f5c8-4a91-b193-bda5692274bd}</UniqueIdentifier>
    </Filter>
    <Filter Include="Source Files\ImgLib">
      <UniqueIdentifier>{4269c59a-376d-44f5-b277-842d2cc009c1}</UniqueIdentifier>
    </Filter>
  </ItemGroup>
  <ItemGroup>
    <ClCompile Include="main.cpp">
      <Filter>Source Files</Filter>
    </ClCompile>
    <ClCompile Include="fmt\format.cc">
      <Filter>Source Files\fmt</Filter>
    </ClCompile>
  </ItemGroup>
  <ItemGroup>
    <ClInclude Include="stb_image_write.h">
      <Filter>Header Files</Filter>
    </ClInclude>
    <ClInclude Include="stb_image.h">
      <Filter>Header Files</Filter>
    </ClInclude>
    <ClInclude Include="ImageMetrics.h">
      <Filter>Header Files</Filter>
    </ClInclude>
    <ClInclude Include="Stack.h">
      <Filter>Source Files</Filter>
    </ClInclude>
    <ClInclude Include="Utils.h">
      <Filter>Source Files</Filter>
    </ClInclude>
    <ClInclude Include="Command.h">
      <Filter>Source Files</Filter>
    </ClInclude>
    <ClInclude Include="State.h">
      <Filter>Source Files</Filter>
    </ClInclude>
    <ClInclude Include="MathOps.h">
      <Filter>Source Files</Filter>
    </ClInclude>
    <ClInclude Include="csv.h">
      <Filter>Source Files</Filter>
    </ClInclude>
    <ClInclude Include="ImgLib\ImgLib.h">
      <Filter>Source Files\ImgLib</Filter>
    </ClInclude>
    <ClInclude Include="ImgLib\Boundary.h">
      <Filter>Source Files\ImgLib</Filter>
    </ClInclude>
    <ClInclude Include="ImgLib\Color.h">
      <Filter>Source Files\ImgLib</Filter>
    </ClInclude>
    <ClInclude Include="ImgLib\Colorspace.h">
      <Filter>Source Files\ImgLib</Filter>
    </ClInclude>
    <ClInclude Include="ImgLib\filters.h">
      <Filter>Source Files\ImgLib</Filter>
    </ClInclude>
    <ClInclude Include="ImgLib\Font9x16.h">
      <Filter>Source Files\ImgLib</Filter>
    </ClInclude>
    <ClInclude Include="ImgLib\Image.h">
      <Filter>Source Files\ImgLib</Filter>
    </ClInclude>
    <ClInclude Include="ImgLib\ImageMetrics.h">
      <Filter>Source Files\ImgLib</Filter>
    </ClInclude>
    <ClInclude Include="ImgLib\ImageOps.h">
      <Filter>Source Files\ImgLib</Filter>
    </ClInclude>
    <ClInclude Include="ImgLibInterface.h">
      <Filter>Source Files</Filter>
    </ClInclude>
    <ClInclude Include="ImgLib\Draw.h">
      <Filter>Source Files\ImgLib</Filter>
    </ClInclude>
    <ClInclude Include="ImgLib\vslice.h">
      <Filter>Source Files\ImgLib</Filter>
    </ClInclude>
    <ClInclude Include="ImgLib\rand.h">
      <Filter>Source Files\ImgLib</Filter>
    </ClInclude>
  </ItemGroup>
  <ItemGroup>
    <Text Include="..\tests\testcsv.txt">
      <Filter>tests</Filter>
    </Text>
    <Text Include="..\tests\testImages.txt">
      <Filter>tests</Filter>
    </Text>
    <Text Include="..\tests\tests.txt">
      <Filter>tests</Filter>
    </Text>
    <Text Include="..\scripts\example.txt">
      <Filter>scripts</Filter>
    </Text>
    <Text Include="..\scripts\gamma.txt">
      <Filter>scripts</Filter>
    </Text>
    <Text Include="..\scripts\playground.txt">
      <Filter>scripts</Filter>
    </Text>
    <Text Include="..\tests\include1.txt">
      <Filter>tests</Filter>
    </Text>
    <Text Include="..\tests\include2.txt">
      <Filter>tests</Filter>
    </Text>
    <Text Include="..\tests\include3.txt">
      <Filter>tests</Filter>
    </Text>
    <Text Include="..\tests\testInclude.txt">
      <Filter>tests</Filter>
    </Text>
    <Text Include="..\tests\include4.txt">
      <Filter>tests</Filter>
    </Text>
    <Text Include="..\tests\include5.txt">
      <Filter>tests</Filter>
    </Text>
    <Text Include="..\tests\include6.txt">
      <Filter>tests</Filter>
    </Text>
    <Text Include="..\tests\testBoundary.txt">
      <Filter>tests</Filter>
    </Text>
    <Text Include="..\examples\alphaBlending.txt">
      <Filter>examples</Filter>
    </Text>
  </ItemGroup>
  <ItemGroup>
    <None Include="..\README.md" />
  </ItemGroup>
</Project>